// !$*UTF8*$!
{
	archiveVersion = 1;
	classes = {
	};
	objectVersion = 48;
	objects = {

/* Begin PBXBuildFile section */
		95A02595205A13170029E93A /* AppDelegate.swift in Sources */ = {isa = PBXBuildFile; fileRef = 95A02594205A13170029E93A /* AppDelegate.swift */; };
		95A025AA205A13170029E93A /* WeatherGiftTests.swift in Sources */ = {isa = PBXBuildFile; fileRef = 95A025A9205A13170029E93A /* WeatherGiftTests.swift */; };
		95A025B5205A13E60029E93A /* AboutVC.swift in Sources */ = {isa = PBXBuildFile; fileRef = 95A025B4205A13E60029E93A /* AboutVC.swift */; };
		95A025B7205A13F50029E93A /* Constants.swift in Sources */ = {isa = PBXBuildFile; fileRef = 95A025B6205A13F50029E93A /* Constants.swift */; };
		95A025B9205A14130029E93A /* DayWeatherCell.swift in Sources */ = {isa = PBXBuildFile; fileRef = 95A025B8205A14130029E93A /* DayWeatherCell.swift */; };
		95A025BB205A14240029E93A /* DetailVC.swift in Sources */ = {isa = PBXBuildFile; fileRef = 95A025BA205A14240029E93A /* DetailVC.swift */; };
		95A025BD205A14330029E93A /* HourlyWeatherCell.swift in Sources */ = {isa = PBXBuildFile; fileRef = 95A025BC205A14330029E93A /* HourlyWeatherCell.swift */; };
		95A025BF205A14420029E93A /* ListVC.swift in Sources */ = {isa = PBXBuildFile; fileRef = 95A025BE205A14420029E93A /* ListVC.swift */; };
		95A025C1205A14550029E93A /* PageVC.swift in Sources */ = {isa = PBXBuildFile; fileRef = 95A025C0205A14550029E93A /* PageVC.swift */; };
		95A025C3205A14700029E93A /* TimeInterval+format.swift in Sources */ = {isa = PBXBuildFile; fileRef = 95A025C2205A14700029E93A /* TimeInterval+format.swift */; };
		95A025C5205A14840029E93A /* WeatherDetail.swift in Sources */ = {isa = PBXBuildFile; fileRef = 95A025C4205A14840029E93A /* WeatherDetail.swift */; };
		95A025C7205A14960029E93A /* WeatherLocation.swift in Sources */ = {isa = PBXBuildFile; fileRef = 95A025C6205A14960029E93A /* WeatherLocation.swift */; };
		95A025CC205A16240029E93A /* Main.storyboard in Resources */ = {isa = PBXBuildFile; fileRef = 95A025C8205A16240029E93A /* Main.storyboard */; };
		95A025CD205A16240029E93A /* LaunchScreen.storyboard in Resources */ = {isa = PBXBuildFile; fileRef = 95A025CA205A16240029E93A /* LaunchScreen.storyboard */; };
		95A025CF205A17780029E93A /* Assets.xcassets in Resources */ = {isa = PBXBuildFile; fileRef = 95A025CE205A17770029E93A /* Assets.xcassets */; };
		95D34BF3205A25A700129D81 /* Assets.xcassets in Resources */ = {isa = PBXBuildFile; fileRef = 95D34BF2205A25A700129D81 /* Assets.xcassets */; };
		F1152A639E84DCC0CC9C4C2E /* Pods_WeatherGift.framework in Frameworks */ = {isa = PBXBuildFile; fileRef = 1B9C22518D0FAC71080337E8 /* Pods_WeatherGift.framework */; };
/* End PBXBuildFile section */

/* Begin PBXContainerItemProxy section */
		95A025A6205A13170029E93A /* PBXContainerItemProxy */ = {
			isa = PBXContainerItemProxy;
			containerPortal = 95A02589205A13160029E93A /* Project object */;
			proxyType = 1;
			remoteGlobalIDString = 95A02590205A13170029E93A;
			remoteInfo = WeatherGift;
		};
/* End PBXContainerItemProxy section */

/* Begin PBXFileReference section */
		02060059DA3F1E5992B67708 /* Pods-WeatherGift.debug.xcconfig */ = {isa = PBXFileReference; includeInIndex = 1; lastKnownFileType = text.xcconfig; name = "Pods-WeatherGift.debug.xcconfig"; path = "Pods/Target Support Files/Pods-WeatherGift/Pods-WeatherGift.debug.xcconfig"; sourceTree = "<group>"; };
		1B9C22518D0FAC71080337E8 /* Pods_WeatherGift.framework */ = {isa = PBXFileReference; explicitFileType = wrapper.framework; includeInIndex = 0; path = Pods_WeatherGift.framework; sourceTree = BUILT_PRODUCTS_DIR; };
		95A02591205A13170029E93A /* WeatherGift.app */ = {isa = PBXFileReference; explicitFileType = wrapper.application; includeInIndex = 0; path = WeatherGift.app; sourceTree = BUILT_PRODUCTS_DIR; };
		95A02594205A13170029E93A /* AppDelegate.swift */ = {isa = PBXFileReference; lastKnownFileType = sourcecode.swift; path = AppDelegate.swift; sourceTree = "<group>"; };
		95A025A0205A13170029E93A /* Info.plist */ = {isa = PBXFileReference; lastKnownFileType = text.plist.xml; path = Info.plist; sourceTree = "<group>"; };
		95A025A5205A13170029E93A /* WeatherGiftTests.xctest */ = {isa = PBXFileReference; explicitFileType = wrapper.cfbundle; includeInIndex = 0; path = WeatherGiftTests.xctest; sourceTree = BUILT_PRODUCTS_DIR; };
		95A025A9205A13170029E93A /* WeatherGiftTests.swift */ = {isa = PBXFileReference; lastKnownFileType = sourcecode.swift; path = WeatherGiftTests.swift; sourceTree = "<group>"; };
		95A025AB205A13170029E93A /* Info.plist */ = {isa = PBXFileReference; lastKnownFileType = text.plist.xml; path = Info.plist; sourceTree = "<group>"; };
		95A025B4205A13E60029E93A /* AboutVC.swift */ = {isa = PBXFileReference; lastKnownFileType = sourcecode.swift; path = AboutVC.swift; sourceTree = "<group>"; };
		95A025B6205A13F50029E93A /* Constants.swift */ = {isa = PBXFileReference; lastKnownFileType = sourcecode.swift; path = Constants.swift; sourceTree = "<group>"; };
		95A025B8205A14130029E93A /* DayWeatherCell.swift */ = {isa = PBXFileReference; lastKnownFileType = sourcecode.swift; path = DayWeatherCell.swift; sourceTree = "<group>"; };
		95A025BA205A14240029E93A /* DetailVC.swift */ = {isa = PBXFileReference; lastKnownFileType = sourcecode.swift; path = DetailVC.swift; sourceTree = "<group>"; };
		95A025BC205A14330029E93A /* HourlyWeatherCell.swift */ = {isa = PBXFileReference; lastKnownFileType = sourcecode.swift; path = HourlyWeatherCell.swift; sourceTree = "<group>"; };
		95A025BE205A14420029E93A /* ListVC.swift */ = {isa = PBXFileReference; lastKnownFileType = sourcecode.swift; path = ListVC.swift; sourceTree = "<group>"; };
		95A025C0205A14550029E93A /* PageVC.swift */ = {isa = PBXFileReference; lastKnownFileType = sourcecode.swift; path = PageVC.swift; sourceTree = "<group>"; };
		95A025C2205A14700029E93A /* TimeInterval+format.swift */ = {isa = PBXFileReference; lastKnownFileType = sourcecode.swift; path = "TimeInterval+format.swift"; sourceTree = "<group>"; };
		95A025C4205A14840029E93A /* WeatherDetail.swift */ = {isa = PBXFileReference; lastKnownFileType = sourcecode.swift; path = WeatherDetail.swift; sourceTree = "<group>"; };
		95A025C6205A14960029E93A /* WeatherLocation.swift */ = {isa = PBXFileReference; lastKnownFileType = sourcecode.swift; path = WeatherLocation.swift; sourceTree = "<group>"; };
		95A025C9205A16240029E93A /* Base */ = {isa = PBXFileReference; lastKnownFileType = file.storyboard; name = Base; path = Base.lproj/Main.storyboard; sourceTree = "<group>"; };
		95A025CB205A16240029E93A /* Base */ = {isa = PBXFileReference; lastKnownFileType = file.storyboard; name = Base; path = Base.lproj/LaunchScreen.storyboard; sourceTree = "<group>"; };
		95A025CE205A17770029E93A /* Assets.xcassets */ = {isa = PBXFileReference; lastKnownFileType = folder.assetcatalog; name = Assets.xcassets; path = WeatherGift/Assets.xcassets; sourceTree = SOURCE_ROOT; };
		95D34BF2205A25A700129D81 /* Assets.xcassets */ = {isa = PBXFileReference; lastKnownFileType = folder.assetcatalog; path = Assets.xcassets; sourceTree = "<group>"; };
		FA033C9043099E37C4E79117 /* Pods-WeatherGift.release.xcconfig */ = {isa = PBXFileReference; includeInIndex = 1; lastKnownFileType = text.xcconfig; name = "Pods-WeatherGift.release.xcconfig"; path = "Pods/Target Support Files/Pods-WeatherGift/Pods-WeatherGift.release.xcconfig"; sourceTree = "<group>"; };
/* End PBXFileReference section */

/* Begin PBXFrameworksBuildPhase section */
		95A0258E205A13170029E93A /* Frameworks */ = {
			isa = PBXFrameworksBuildPhase;
			buildActionMask = 2147483647;
			files = (
				F1152A639E84DCC0CC9C4C2E /* Pods_WeatherGift.framework in Frameworks */,
			);
			runOnlyForDeploymentPostprocessing = 0;
		};
		95A025A2205A13170029E93A /* Frameworks */ = {
			isa = PBXFrameworksBuildPhase;
			buildActionMask = 2147483647;
			files = (
			);
			runOnlyForDeploymentPostprocessing = 0;
		};
/* End PBXFrameworksBuildPhase section */

/* Begin PBXGroup section */
		2517CFAFFCA8EF5DABB0855A /* Pods */ = {
			isa = PBXGroup;
			children = (
				02060059DA3F1E5992B67708 /* Pods-WeatherGift.debug.xcconfig */,
				FA033C9043099E37C4E79117 /* Pods-WeatherGift.release.xcconfig */,
			);
			name = Pods;
			sourceTree = "<group>";
		};
		37EE9EE83711149E65566235 /* Frameworks */ = {
			isa = PBXGroup;
			children = (
				1B9C22518D0FAC71080337E8 /* Pods_WeatherGift.framework */,
			);
			name = Frameworks;
			sourceTree = "<group>";
		};
		95A02588205A13160029E93A = {
			isa = PBXGroup;
			children = (
				95A02593205A13170029E93A /* WeatherGift */,
				95A025A8205A13170029E93A /* WeatherGiftTests */,
				95A02592205A13170029E93A /* Products */,
				2517CFAFFCA8EF5DABB0855A /* Pods */,
				37EE9EE83711149E65566235 /* Frameworks */,
			);
			sourceTree = "<group>";
		};
		95A02592205A13170029E93A /* Products */ = {
			isa = PBXGroup;
			children = (
				95A02591205A13170029E93A /* WeatherGift.app */,
				95A025A5205A13170029E93A /* WeatherGiftTests.xctest */,
			);
			name = Products;
			sourceTree = "<group>";
		};
		95A02593205A13170029E93A /* WeatherGift */ = {
			isa = PBXGroup;
			children = (
				95A02594205A13170029E93A /* AppDelegate.swift */,
				95A025B4205A13E60029E93A /* AboutVC.swift */,
				95A025B6205A13F50029E93A /* Constants.swift */,
				95A025B8205A14130029E93A /* DayWeatherCell.swift */,
				95A025BA205A14240029E93A /* DetailVC.swift */,
				95A025BC205A14330029E93A /* HourlyWeatherCell.swift */,
				95A025BE205A14420029E93A /* ListVC.swift */,
				95A025C0205A14550029E93A /* PageVC.swift */,
				95A025C2205A14700029E93A /* TimeInterval+format.swift */,
				95D34BF2205A25A700129D81 /* Assets.xcassets */,
				95A025C4205A14840029E93A /* WeatherDetail.swift */,
				95A025C6205A14960029E93A /* WeatherLocation.swift */,
				95A025A0205A13170029E93A /* Info.plist */,
				95A025CA205A16240029E93A /* LaunchScreen.storyboard */,
				95A025C8205A16240029E93A /* Main.storyboard */,
			);
			path = WeatherGift;
			sourceTree = "<group>";
		};
		95A025A8205A13170029E93A /* WeatherGiftTests */ = {
			isa = PBXGroup;
			children = (
				95A025A9205A13170029E93A /* WeatherGiftTests.swift */,
				95A025AB205A13170029E93A /* Info.plist */,
				95A025CE205A17770029E93A /* Assets.xcassets */,
			);
			path = WeatherGiftTests;
			sourceTree = "<group>";
		};
/* End PBXGroup section */

/* Begin PBXNativeTarget section */
		95A02590205A13170029E93A /* WeatherGift */ = {
			isa = PBXNativeTarget;
			buildConfigurationList = 95A025AE205A13170029E93A /* Build configuration list for PBXNativeTarget "WeatherGift" */;
			buildPhases = (
				3E719BA98554B88614DC81DD /* [CP] Check Pods Manifest.lock */,
				95A0258D205A13170029E93A /* Sources */,
				95A0258E205A13170029E93A /* Frameworks */,
				95A0258F205A13170029E93A /* Resources */,
				B8CF24C1A75A48EE68FFE34E /* [CP] Embed Pods Frameworks */,
				BDCEEBBE457D2A8B28714A1A /* [CP] Copy Pods Resources */,
			);
			buildRules = (
			);
			dependencies = (
			);
			name = WeatherGift;
			productName = WeatherGift;
			productReference = 95A02591205A13170029E93A /* WeatherGift.app */;
			productType = "com.apple.product-type.application";
		};
		95A025A4205A13170029E93A /* WeatherGiftTests */ = {
			isa = PBXNativeTarget;
			buildConfigurationList = 95A025B1205A13170029E93A /* Build configuration list for PBXNativeTarget "WeatherGiftTests" */;
			buildPhases = (
				95A025A1205A13170029E93A /* Sources */,
				95A025A2205A13170029E93A /* Frameworks */,
				95A025A3205A13170029E93A /* Resources */,
			);
			buildRules = (
			);
			dependencies = (
				95A025A7205A13170029E93A /* PBXTargetDependency */,
			);
			name = WeatherGiftTests;
			productName = WeatherGiftTests;
			productReference = 95A025A5205A13170029E93A /* WeatherGiftTests.xctest */;
			productType = "com.apple.product-type.bundle.unit-test";
		};
/* End PBXNativeTarget section */

/* Begin PBXProject section */
		95A02589205A13160029E93A /* Project object */ = {
			isa = PBXProject;
			attributes = {
				LastSwiftUpdateCheck = 0920;
				LastUpgradeCheck = 0920;
				ORGANIZATIONNAME = "Lurein Perera";
				TargetAttributes = {
					95A02590205A13170029E93A = {
						CreatedOnToolsVersion = 9.2;
						ProvisioningStyle = Automatic;
					};
					95A025A4205A13170029E93A = {
						CreatedOnToolsVersion = 9.2;
						ProvisioningStyle = Automatic;
						TestTargetID = 95A02590205A13170029E93A;
					};
				};
			};
			buildConfigurationList = 95A0258C205A13160029E93A /* Build configuration list for PBXProject "WeatherGift" */;
			compatibilityVersion = "Xcode 8.0";
			developmentRegion = en;
			hasScannedForEncodings = 0;
			knownRegions = (
				en,
				Base,
			);
			mainGroup = 95A02588205A13160029E93A;
			productRefGroup = 95A02592205A13170029E93A /* Products */;
			projectDirPath = "";
			projectRoot = "";
			targets = (
				95A02590205A13170029E93A /* WeatherGift */,
				95A025A4205A13170029E93A /* WeatherGiftTests */,
			);
		};
/* End PBXProject section */

/* Begin PBXResourcesBuildPhase section */
		95A0258F205A13170029E93A /* Resources */ = {
			isa = PBXResourcesBuildPhase;
			buildActionMask = 2147483647;
			files = (
				95A025CD205A16240029E93A /* LaunchScreen.storyboard in Resources */,
				95D34BF3205A25A700129D81 /* Assets.xcassets in Resources */,
				95A025CC205A16240029E93A /* Main.storyboard in Resources */,
			);
			runOnlyForDeploymentPostprocessing = 0;
		};
		95A025A3205A13170029E93A /* Resources */ = {
			isa = PBXResourcesBuildPhase;
			buildActionMask = 2147483647;
			files = (
				95A025CF205A17780029E93A /* Assets.xcassets in Resources */,
			);
			runOnlyForDeploymentPostprocessing = 0;
		};
/* End PBXResourcesBuildPhase section */

/* Begin PBXShellScriptBuildPhase section */
		3E719BA98554B88614DC81DD /* [CP] Check Pods Manifest.lock */ = {
			isa = PBXShellScriptBuildPhase;
			buildActionMask = 2147483647;
			files = (
			);
			inputPaths = (
				"${PODS_PODFILE_DIR_PATH}/Podfile.lock",
				"${PODS_ROOT}/Manifest.lock",
			);
			name = "[CP] Check Pods Manifest.lock";
			outputPaths = (
				"$(DERIVED_FILE_DIR)/Pods-WeatherGift-checkManifestLockResult.txt",
			);
			runOnlyForDeploymentPostprocessing = 0;
			shellPath = /bin/sh;
			shellScript = "diff \"${PODS_PODFILE_DIR_PATH}/Podfile.lock\" \"${PODS_ROOT}/Manifest.lock\" > /dev/null\nif [ $? != 0 ] ; then\n    # print error to STDERR\n    echo \"error: The sandbox is not in sync with the Podfile.lock. Run 'pod install' or update your CocoaPods installation.\" >&2\n    exit 1\nfi\n# This output is used by Xcode 'outputs' to avoid re-running this script phase.\necho \"SUCCESS\" > \"${SCRIPT_OUTPUT_FILE_0}\"\n";
			showEnvVarsInLog = 0;
		};
		B8CF24C1A75A48EE68FFE34E /* [CP] Embed Pods Frameworks */ = {
			isa = PBXShellScriptBuildPhase;
			buildActionMask = 2147483647;
			files = (
			);
			inputPaths = (
				"${SRCROOT}/Pods/Target Support Files/Pods-WeatherGift/Pods-WeatherGift-frameworks.sh",
				"${BUILT_PRODUCTS_DIR}/Alamofire/Alamofire.framework",
				"${BUILT_PRODUCTS_DIR}/SwiftyJSON/SwiftyJSON.framework",
			);
			name = "[CP] Embed Pods Frameworks";
			outputPaths = (
				"${TARGET_BUILD_DIR}/${FRAMEWORKS_FOLDER_PATH}/Alamofire.framework",
				"${TARGET_BUILD_DIR}/${FRAMEWORKS_FOLDER_PATH}/SwiftyJSON.framework",
			);
			runOnlyForDeploymentPostprocessing = 0;
			shellPath = /bin/sh;
			shellScript = "\"${SRCROOT}/Pods/Target Support Files/Pods-WeatherGift/Pods-WeatherGift-frameworks.sh\"\n";
			showEnvVarsInLog = 0;
		};
		BDCEEBBE457D2A8B28714A1A /* [CP] Copy Pods Resources */ = {
			isa = PBXShellScriptBuildPhase;
			buildActionMask = 2147483647;
			files = (
			);
			inputPaths = (
				"${SRCROOT}/Pods/Target Support Files/Pods-WeatherGift/Pods-WeatherGift-resources.sh",
				"${PODS_ROOT}/GooglePlaces/Frameworks/GooglePlaces.framework/Resources/GooglePlaces.bundle",
			);
			name = "[CP] Copy Pods Resources";
			outputPaths = (
				"${TARGET_BUILD_DIR}/${UNLOCALIZED_RESOURCES_FOLDER_PATH}/GooglePlaces.bundle",
			);
			runOnlyForDeploymentPostprocessing = 0;
			shellPath = /bin/sh;
			shellScript = "\"${SRCROOT}/Pods/Target Support Files/Pods-WeatherGift/Pods-WeatherGift-resources.sh\"\n";
			showEnvVarsInLog = 0;
		};
/* End PBXShellScriptBuildPhase section */

/* Begin PBXSourcesBuildPhase section */
		95A0258D205A13170029E93A /* Sources */ = {
			isa = PBXSourcesBuildPhase;
			buildActionMask = 2147483647;
			files = (
				95A02595205A13170029E93A /* AppDelegate.swift in Sources */,
				95A025C3205A14700029E93A /* TimeInterval+format.swift in Sources */,
				95A025B9205A14130029E93A /* DayWeatherCell.swift in Sources */,
				95A025B5205A13E60029E93A /* AboutVC.swift in Sources */,
				95A025C7205A14960029E93A /* WeatherLocation.swift in Sources */,
				95A025BF205A14420029E93A /* ListVC.swift in Sources */,
				95A025BD205A14330029E93A /* HourlyWeatherCell.swift in Sources */,
				95A025B7205A13F50029E93A /* Constants.swift in Sources */,
				95A025C1205A14550029E93A /* PageVC.swift in Sources */,
				95A025C5205A14840029E93A /* WeatherDetail.swift in Sources */,
				95A025BB205A14240029E93A /* DetailVC.swift in Sources */,
			);
			runOnlyForDeploymentPostprocessing = 0;
		};
		95A025A1205A13170029E93A /* Sources */ = {
			isa = PBXSourcesBuildPhase;
			buildActionMask = 2147483647;
			files = (
				95A025AA205A13170029E93A /* WeatherGiftTests.swift in Sources */,
			);
			runOnlyForDeploymentPostprocessing = 0;
		};
/* End PBXSourcesBuildPhase section */

/* Begin PBXTargetDependency section */
		95A025A7205A13170029E93A /* PBXTargetDependency */ = {
			isa = PBXTargetDependency;
			target = 95A02590205A13170029E93A /* WeatherGift */;
			targetProxy = 95A025A6205A13170029E93A /* PBXContainerItemProxy */;
		};
/* End PBXTargetDependency section */

/* Begin PBXVariantGroup section */
		95A025C8205A16240029E93A /* Main.storyboard */ = {
			isa = PBXVariantGroup;
			children = (
				95A025C9205A16240029E93A /* Base */,
			);
			name = Main.storyboard;
			sourceTree = "<group>";
		};
		95A025CA205A16240029E93A /* LaunchScreen.storyboard */ = {
			isa = PBXVariantGroup;
			children = (
				95A025CB205A16240029E93A /* Base */,
			);
			name = LaunchScreen.storyboard;
			sourceTree = "<group>";
		};
/* End PBXVariantGroup section */

/* Begin XCBuildConfiguration section */
		95A025AC205A13170029E93A /* Debug */ = {
			isa = XCBuildConfiguration;
			buildSettings = {
				ALWAYS_SEARCH_USER_PATHS = NO;
				CLANG_ANALYZER_NONNULL = YES;
				CLANG_ANALYZER_NUMBER_OBJECT_CONVERSION = YES_AGGRESSIVE;
				CLANG_CXX_LANGUAGE_STANDARD = "gnu++14";
				CLANG_CXX_LIBRARY = "libc++";
				CLANG_ENABLE_MODULES = YES;
				CLANG_ENABLE_OBJC_ARC = YES;
				CLANG_WARN_BLOCK_CAPTURE_AUTORELEASING = YES;
				CLANG_WARN_BOOL_CONVERSION = YES;
				CLANG_WARN_COMMA = YES;
				CLANG_WARN_CONSTANT_CONVERSION = YES;
				CLANG_WARN_DIRECT_OBJC_ISA_USAGE = YES_ERROR;
				CLANG_WARN_DOCUMENTATION_COMMENTS = YES;
				CLANG_WARN_EMPTY_BODY = YES;
				CLANG_WARN_ENUM_CONVERSION = YES;
				CLANG_WARN_INFINITE_RECURSION = YES;
				CLANG_WARN_INT_CONVERSION = YES;
				CLANG_WARN_NON_LITERAL_NULL_CONVERSION = YES;
				CLANG_WARN_OBJC_LITERAL_CONVERSION = YES;
				CLANG_WARN_OBJC_ROOT_CLASS = YES_ERROR;
				CLANG_WARN_RANGE_LOOP_ANALYSIS = YES;
				CLANG_WARN_STRICT_PROTOTYPES = YES;
				CLANG_WARN_SUSPICIOUS_MOVE = YES;
				CLANG_WARN_UNGUARDED_AVAILABILITY = YES_AGGRESSIVE;
				CLANG_WARN_UNREACHABLE_CODE = YES;
				CLANG_WARN__DUPLICATE_METHOD_MATCH = YES;
				CODE_SIGN_IDENTITY = "iPhone Developer";
				COPY_PHASE_STRIP = NO;
				DEBUG_INFORMATION_FORMAT = dwarf;
				ENABLE_STRICT_OBJC_MSGSEND = YES;
				ENABLE_TESTABILITY = YES;
				GCC_C_LANGUAGE_STANDARD = gnu11;
				GCC_DYNAMIC_NO_PIC = NO;
				GCC_NO_COMMON_BLOCKS = YES;
				GCC_OPTIMIZATION_LEVEL = 0;
				GCC_PREPROCESSOR_DEFINITIONS = (
					"DEBUG=1",
					"$(inherited)",
				);
				GCC_WARN_64_TO_32_BIT_CONVERSION = YES;
				GCC_WARN_ABOUT_RETURN_TYPE = YES_ERROR;
				GCC_WARN_UNDECLARED_SELECTOR = YES;
				GCC_WARN_UNINITIALIZED_AUTOS = YES_AGGRESSIVE;
				GCC_WARN_UNUSED_FUNCTION = YES;
				GCC_WARN_UNUSED_VARIABLE = YES;
				IPHONEOS_DEPLOYMENT_TARGET = 11.2;
				MTL_ENABLE_DEBUG_INFO = YES;
				ONLY_ACTIVE_ARCH = YES;
				SDKROOT = iphoneos;
				SWIFT_ACTIVE_COMPILATION_CONDITIONS = DEBUG;
				SWIFT_OPTIMIZATION_LEVEL = "-Onone";
			};
			name = Debug;
		};
		95A025AD205A13170029E93A /* Release */ = {
			isa = XCBuildConfiguration;
			buildSettings = {
				ALWAYS_SEARCH_USER_PATHS = NO;
				CLANG_ANALYZER_NONNULL = YES;
				CLANG_ANALYZER_NUMBER_OBJECT_CONVERSION = YES_AGGRESSIVE;
				CLANG_CXX_LANGUAGE_STANDARD = "gnu++14";
				CLANG_CXX_LIBRARY = "libc++";
				CLANG_ENABLE_MODULES = YES;
				CLANG_ENABLE_OBJC_ARC = YES;
				CLANG_WARN_BLOCK_CAPTURE_AUTORELEASING = YES;
				CLANG_WARN_BOOL_CONVERSION = YES;
				CLANG_WARN_COMMA = YES;
				CLANG_WARN_CONSTANT_CONVERSION = YES;
				CLANG_WARN_DIRECT_OBJC_ISA_USAGE = YES_ERROR;
				CLANG_WARN_DOCUMENTATION_COMMENTS = YES;
				CLANG_WARN_EMPTY_BODY = YES;
				CLANG_WARN_ENUM_CONVERSION = YES;
				CLANG_WARN_INFINITE_RECURSION = YES;
				CLANG_WARN_INT_CONVERSION = YES;
				CLANG_WARN_NON_LITERAL_NULL_CONVERSION = YES;
				CLANG_WARN_OBJC_LITERAL_CONVERSION = YES;
				CLANG_WARN_OBJC_ROOT_CLASS = YES_ERROR;
				CLANG_WARN_RANGE_LOOP_ANALYSIS = YES;
				CLANG_WARN_STRICT_PROTOTYPES = YES;
				CLANG_WARN_SUSPICIOUS_MOVE = YES;
				CLANG_WARN_UNGUARDED_AVAILABILITY = YES_AGGRESSIVE;
				CLANG_WARN_UNREACHABLE_CODE = YES;
				CLANG_WARN__DUPLICATE_METHOD_MATCH = YES;
				CODE_SIGN_IDENTITY = "iPhone Developer";
				COPY_PHASE_STRIP = NO;
				DEBUG_INFORMATION_FORMAT = "dwarf-with-dsym";
				ENABLE_NS_ASSERTIONS = NO;
				ENABLE_STRICT_OBJC_MSGSEND = YES;
				GCC_C_LANGUAGE_STANDARD = gnu11;
				GCC_NO_COMMON_BLOCKS = YES;
				GCC_WARN_64_TO_32_BIT_CONVERSION = YES;
				GCC_WARN_ABOUT_RETURN_TYPE = YES_ERROR;
				GCC_WARN_UNDECLARED_SELECTOR = YES;
				GCC_WARN_UNINITIALIZED_AUTOS = YES_AGGRESSIVE;
				GCC_WARN_UNUSED_FUNCTION = YES;
				GCC_WARN_UNUSED_VARIABLE = YES;
				IPHONEOS_DEPLOYMENT_TARGET = 11.2;
				MTL_ENABLE_DEBUG_INFO = NO;
				SDKROOT = iphoneos;
				SWIFT_OPTIMIZATION_LEVEL = "-Owholemodule";
				VALIDATE_PRODUCT = YES;
			};
			name = Release;
		};
		95A025AF205A13170029E93A /* Debug */ = {
			isa = XCBuildConfiguration;
			baseConfigurationReference = 02060059DA3F1E5992B67708 /* Pods-WeatherGift.debug.xcconfig */;
			buildSettings = {
				ASSETCATALOG_COMPILER_APPICON_NAME = AppIcon;
				CODE_SIGN_STYLE = Automatic;
				INFOPLIST_FILE = WeatherGift/Info.plist;
				LD_RUNPATH_SEARCH_PATHS = "$(inherited) @executable_path/Frameworks";
				PRODUCT_BUNDLE_IDENTIFIER = GLRLP.WeatherGift;
				PRODUCT_NAME = "$(TARGET_NAME)";
				SWIFT_VERSION = 4.0;
				TARGETED_DEVICE_FAMILY = "1,2";
			};
			name = Debug;
		};
		95A025B0205A13170029E93A /* Release */ = {
			isa = XCBuildConfiguration;
			baseConfigurationReference = FA033C9043099E37C4E79117 /* Pods-WeatherGift.release.xcconfig */;
			buildSettings = {
				ASSETCATALOG_COMPILER_APPICON_NAME = AppIcon;
				CODE_SIGN_STYLE = Automatic;
				INFOPLIST_FILE = WeatherGift/Info.plist;
				LD_RUNPATH_SEARCH_PATHS = "$(inherited) @executable_path/Frameworks";
				PRODUCT_BUNDLE_IDENTIFIER = GLRLP.WeatherGift;
				PRODUCT_NAME = "$(TARGET_NAME)";
				SWIFT_VERSION = 4.0;
				TARGETED_DEVICE_FAMILY = "1,2";
			};
			name = Release;
		};
		95A025B2205A13170029E93A /* Debug */ = {
			isa = XCBuildConfiguration;
			buildSettings = {
				ALWAYS_EMBED_SWIFT_STANDARD_LIBRARIES = YES;
				BUNDLE_LOADER = "$(TEST_HOST)";
				CODE_SIGN_STYLE = Automatic;
				INFOPLIST_FILE = WeatherGiftTests/Info.plist;
				LD_RUNPATH_SEARCH_PATHS = "$(inherited) @executable_path/Frameworks @loader_path/Frameworks";
				PRODUCT_BUNDLE_IDENTIFIER = GLRLP.WeatherGiftTests;
				PRODUCT_NAME = "$(TARGET_NAME)";
				SWIFT_VERSION = 4.0;
				TARGETED_DEVICE_FAMILY = "1,2";
				TEST_HOST = "$(BUILT_PRODUCTS_DIR)/WeatherGift.app/WeatherGift";
			};
			name = Debug;
		};
		95A025B3205A13170029E93A /* Release */ = {
			isa = XCBuildConfiguration;
			buildSettings = {
				ALWAYS_EMBED_SWIFT_STANDARD_LIBRARIES = YES;
				BUNDLE_LOADER = "$(TEST_HOST)";
				CODE_SIGN_STYLE = Automatic;
				INFOPLIST_FILE = WeatherGiftTests/Info.plist;
				LD_RUNPATH_SEARCH_PATHS = "$(inherited) @executable_path/Frameworks @loader_path/Frameworks";
				PRODUCT_BUNDLE_IDENTIFIER = GLRLP.WeatherGiftTests;
				PRODUCT_NAME = "$(TARGET_NAME)";
				SWIFT_VERSION = 4.0;
				TARGETED_DEVICE_FAMILY = "1,2";
				TEST_HOST = "$(BUILT_PRODUCTS_DIR)/WeatherGift.app/WeatherGift";
			};
			name = Release;
		};
/* End XCBuildConfiguration section */

/* Begin XCConfigurationList section */
		95A0258C205A13160029E93A /* Build configuration list for PBXProject "WeatherGift" */ = {
			isa = XCConfigurationList;
			buildConfigurations = (
				95A025AC205A13170029E93A /* Debug */,
				95A025AD205A13170029E93A /* Release */,
			);
			defaultConfigurationIsVisible = 0;
			defaultConfigurationName = Release;
		};
		95A025AE205A13170029E93A /* Build configuration list for PBXNativeTarget "WeatherGift" */ = {
			isa = XCConfigurationList;
			buildConfigurations = (
				95A025AF205A13170029E93A /* Debug */,
				95A025B0205A13170029E93A /* Release */,
			);
			defaultConfigurationIsVisible = 0;
			defaultConfigurationName = Release;
		};
		95A025B1205A13170029E93A /* Build configuration list for PBXNativeTarget "WeatherGiftTests" */ = {
			isa = XCConfigurationList;
			buildConfigurations = (
				95A025B2205A13170029E93A /* Debug */,
				95A025B3205A13170029E93A /* Release */,
			);
			defaultConfigurationIsVisible = 0;
			defaultConfigurationName = Release;
		};
/* End XCConfigurationList section */
	};
	rootObject = 95A02589205A13160029E93A /* Project object */;
}
